# This file is automatically @generated by Cargo.
# It is not intended for manual editing.
version = 3

[[package]]
name = "barnes-hut"
version = "0.1.0"
dependencies = [
 "probability",
]

[[package]]
name = "libc"
version = "0.2.126"
source = "registry+https://github.com/rust-lang/crates.io-index"
checksum = "349d5a591cd28b49e1d1037471617a32ddcda5731b99419008085f72d5a53836"

[[package]]
name = "probability"
version = "0.18.0"
source = "registry+https://github.com/rust-lang/crates.io-index"
checksum = "d34d1ba13c5cdf590c3d5ab5f53b36da2f596e43f8a27b236ad1801b5a1695d8"
dependencies = [
 "random",
 "special",
]

[[package]]
name = "random"
version = "0.12.2"
source = "registry+https://github.com/rust-lang/crates.io-index"
checksum = "97d13a3485349981c90c79112a11222c3e6e75de1d52b87a7525b3bf5361420f"

[[package]]
name = "special"
version = "0.8.1"
source = "registry+https://github.com/rust-lang/crates.io-index"
checksum = "24a65e074159b75dcf173a4733ab2188baac24967b5c8ec9ed87ae15fcbc7636"
dependencies = [
 "libc",
]
